
Microsoft Visual Studio Solution File, Format Version 12.00
# Visual Studio Version 17
VisualStudioVersion = 17.2.32616.157
MinimumVisualStudioVersion = 10.0.40219.1
Project("{FAE04EC0-301F-11D3-BF4B-00C04F79EFBC}") = "learncsharp", "learncsharp.csproj", "{00BAC449-A280-4D4B-924F-B43D7260007E}"
EndProject
Global
	GlobalSection(SolutionConfigurationPlatforms) = preSolution
		Debug|Any CPU = Debug|Any CPU
		Release|Any CPU = Release|Any CPU
	EndGlobalSection
	GlobalSection(ProjectConfigurationPlatforms) = postSolution
		{00BAC449-A280-4D4B-924F-B43D7260007E}.Debug|Any CPU.ActiveCfg = Debug|Any CPU
		{00BAC449-A280-4D4B-924F-B43D7260007E}.Debug|Any CPU.Build.0 = Debug|Any CPU
		{00BAC449-A280-4D4B-924F-B43D7260007E}.Release|Any CPU.ActiveCfg = Release|Any CPU
		{00BAC449-A280-4D4B-924F-B43D7260007E}.Release|Any CPU.Build.0 = Release|Any CPU
	EndGlobalSection
	GlobalSection(SolutionProperties) = preSolution
		HideSolutionNode = FALSE
	EndGlobalSection
	GlobalSection(ExtensibilityGlobals) = postSolution
		SolutionGuid = {D43CCCA8-B34B-424F-A498-FDC7183C3175}
	EndGlobalSection
EndGlobal
